{
  "version": 1,
  "dependencies": {
    "net10.0": {
      "grob.compiler": {
        "type": "Project",
        "dependencies": {
          "Grob.Core": "[1.0.0, )",
          "Grob.Runtime": "[1.0.0, )"
        }
      },
      "grob.core": {
        "type": "Project"
      },
      "grob.runtime": {
        "type": "Project",
        "dependencies": {
          "Grob.Core": "[1.0.0, )"
        }
      },
      "grob.stdlib": {
        "type": "Project",
        "dependencies": {
          "Grob.Core": "[1.0.0, )",
          "Grob.Runtime": "[1.0.0, )"
        }
      },
      "grob.vm": {
        "type": "Project",
        "dependencies": {
          "Grob.Core": "[1.0.0, )",
          "Grob.Runtime": "[1.0.0, )"
        }
      }
    }
  }
}